
Microsoft Visual Studio Solution File, Format Version 12.00
# Visual Studio Version 16
VisualStudioVersion = 16.0.30523.141
MinimumVisualStudioVersion = 10.0.40219.1
Project("{9A19103F-16F7-4668-BE54-9A1E7A4F7556}") = "CareerCloud.Pocos", "CareerCloud.Pocos\CareerCloud.Pocos.csproj", "{5D1D27BC-17FC-46FA-9D33-4AE9A8B25E2A}"
EndProject
Project("{9A19103F-16F7-4668-BE54-9A1E7A4F7556}") = "CareerCloudCore.UnitTests.Assignment1", "CareerCloudCore.UnitTests.Assignment1\CareerCloudCore.UnitTests.Assignment1\CareerCloudCore.UnitTests.Assignment1.csproj", "{8D1A9BF4-B5CE-4E35-A701-F76011D41FFD}"
EndProject
Project("{9A19103F-16F7-4668-BE54-9A1E7A4F7556}") = "CareerCloud.DataAccessLayer", "CareerCloud.DataAccessLayer\CareerCloud.DataAccessLayer.csproj", "{92519F44-40E9-4D38-8476-3A84E1C9C17A}"
EndProject
Project("{9A19103F-16F7-4668-BE54-9A1E7A4F7556}") = "CareerCloud.ADODataAccessLayer", "CareerCloud.ADODataAccessLayer\CareerCloud.ADODataAccessLayer.csproj", "{FF7E7703-2ADB-452D-B3D6-1F9080A2CE49}"
EndProject
Project("{9A19103F-16F7-4668-BE54-9A1E7A4F7556}") = "CareerCloudCore.UnitTests.Assignment2", "CareerCloudCore.UnitTests.Assignment2\CareerCloudCore.UnitTests.Assignment2.csproj", "{1BFE23B8-3BD3-4CAF-81A8-C8BE7DE75548}"
EndProject
Global
	GlobalSection(SolutionConfigurationPlatforms) = preSolution
		Debug|Any CPU = Debug|Any CPU
		Release|Any CPU = Release|Any CPU
	EndGlobalSection
	GlobalSection(ProjectConfigurationPlatforms) = postSolution
		{5D1D27BC-17FC-46FA-9D33-4AE9A8B25E2A}.Debug|Any CPU.ActiveCfg = Debug|Any CPU
		{5D1D27BC-17FC-46FA-9D33-4AE9A8B25E2A}.Debug|Any CPU.Build.0 = Debug|Any CPU
		{5D1D27BC-17FC-46FA-9D33-4AE9A8B25E2A}.Release|Any CPU.ActiveCfg = Release|Any CPU
		{5D1D27BC-17FC-46FA-9D33-4AE9A8B25E2A}.Release|Any CPU.Build.0 = Release|Any CPU
		{8D1A9BF4-B5CE-4E35-A701-F76011D41FFD}.Debug|Any CPU.ActiveCfg = Debug|Any CPU
		{8D1A9BF4-B5CE-4E35-A701-F76011D41FFD}.Debug|Any CPU.Build.0 = Debug|Any CPU
		{8D1A9BF4-B5CE-4E35-A701-F76011D41FFD}.Release|Any CPU.ActiveCfg = Release|Any CPU
		{8D1A9BF4-B5CE-4E35-A701-F76011D41FFD}.Release|Any CPU.Build.0 = Release|Any CPU
		{92519F44-40E9-4D38-8476-3A84E1C9C17A}.Debug|Any CPU.ActiveCfg = Debug|Any CPU
		{92519F44-40E9-4D38-8476-3A84E1C9C17A}.Debug|Any CPU.Build.0 = Debug|Any CPU
		{92519F44-40E9-4D38-8476-3A84E1C9C17A}.Release|Any CPU.ActiveCfg = Release|Any CPU
		{92519F44-40E9-4D38-8476-3A84E1C9C17A}.Release|Any CPU.Build.0 = Release|Any CPU
		{FF7E7703-2ADB-452D-B3D6-1F9080A2CE49}.Debug|Any CPU.ActiveCfg = Debug|Any CPU
		{FF7E7703-2ADB-452D-B3D6-1F9080A2CE49}.Debug|Any CPU.Build.0 = Debug|Any CPU
		{FF7E7703-2ADB-452D-B3D6-1F9080A2CE49}.Release|Any CPU.ActiveCfg = Release|Any CPU
		{FF7E7703-2ADB-452D-B3D6-1F9080A2CE49}.Release|Any CPU.Build.0 = Release|Any CPU
		{1BFE23B8-3BD3-4CAF-81A8-C8BE7DE75548}.Debug|Any CPU.ActiveCfg = Debug|Any CPU
		{1BFE23B8-3BD3-4CAF-81A8-C8BE7DE75548}.Debug|Any CPU.Build.0 = Debug|Any CPU
		{1BFE23B8-3BD3-4CAF-81A8-C8BE7DE75548}.Release|Any CPU.ActiveCfg = Release|Any CPU
		{1BFE23B8-3BD3-4CAF-81A8-C8BE7DE75548}.Release|Any CPU.Build.0 = Release|Any CPU
	EndGlobalSection
	GlobalSection(SolutionProperties) = preSolution
		HideSolutionNode = FALSE
	EndGlobalSection
	GlobalSection(ExtensibilityGlobals) = postSolution
		SolutionGuid = {0FE27458-7662-4930-9FDF-52C101AE87A6}
	EndGlobalSection
EndGlobal
